
Microsoft Visual Studio Solution File, Format Version 12.00
# Visual Studio Version 16
VisualStudioVersion = 16.0.31313.79
MinimumVisualStudioVersion = 10.0.40219.1
Project("{FAE04EC0-301F-11D3-BF4B-00C04F79EFBC}") = "L01", "L01\L01.csproj", "{31FF4389-849F-4D1A-846D-BF86F87AADFF}"
EndProject
Global
	GlobalSection(SolutionConfigurationPlatforms) = preSolution
		Debug|Any CPU = Debug|Any CPU
		Release|Any CPU = Release|Any CPU
	EndGlobalSection
	GlobalSection(ProjectConfigurationPlatforms) = postSolution
		{31FF4389-849F-4D1A-846D-BF86F87AADFF}.Debug|Any CPU.ActiveCfg = Debug|Any CPU
		{31FF4389-849F-4D1A-846D-BF86F87AADFF}.Debug|Any CPU.Build.0 = Debug|Any CPU
		{31FF4389-849F-4D1A-846D-BF86F87AADFF}.Release|Any CPU.ActiveCfg = Release|Any CPU
		{31FF4389-849F-4D1A-846D-BF86F87AADFF}.Release|Any CPU.Build.0 = Release|Any CPU
	EndGlobalSection
	GlobalSection(SolutionProperties) = preSolution
		HideSolutionNode = FALSE
	EndGlobalSection
	GlobalSection(ExtensibilityGlobals) = postSolution
		SolutionGuid = {C6F86D91-0375-4C39-AD63-29CF75FB8EF2}
	EndGlobalSection
EndGlobal
